
Microsoft Visual Studio Solution File, Format Version 12.00
# Visual Studio 15
VisualStudioVersion = 15.0.27130.2027
MinimumVisualStudioVersion = 10.0.40219.1
Project("{9A19103F-16F7-4668-BE54-9A1E7A4F7556}") = "Valley.Net.Protocols.Picocell", "Valley.Net.Protocols.Picocell\Valley.Net.Protocols.Picocell.csproj", "{FC692EC0-3606-4BFD-AA70-6136B0C2CF79}"
EndProject
Project("{9A19103F-16F7-4668-BE54-9A1E7A4F7556}") = "Valley.Net.Protocols.Picocell.Test", "Valley.Net.Protocols.Picocell.Test\Valley.Net.Protocols.Picocell.Test.csproj", "{8C5F4DF9-DE30-4086-96F2-499EA9DB1E07}"
EndProject
Global
	GlobalSection(SolutionConfigurationPlatforms) = preSolution
		Debug|Any CPU = Debug|Any CPU
		Release|Any CPU = Release|Any CPU
	EndGlobalSection
	GlobalSection(ProjectConfigurationPlatforms) = postSolution
		{FC692EC0-3606-4BFD-AA70-6136B0C2CF79}.Debug|Any CPU.ActiveCfg = Debug|Any CPU
		{FC692EC0-3606-4BFD-AA70-6136B0C2CF79}.Debug|Any CPU.Build.0 = Debug|Any CPU
		{FC692EC0-3606-4BFD-AA70-6136B0C2CF79}.Release|Any CPU.ActiveCfg = Release|Any CPU
		{FC692EC0-3606-4BFD-AA70-6136B0C2CF79}.Release|Any CPU.Build.0 = Release|Any CPU
		{8C5F4DF9-DE30-4086-96F2-499EA9DB1E07}.Debug|Any CPU.ActiveCfg = Debug|Any CPU
		{8C5F4DF9-DE30-4086-96F2-499EA9DB1E07}.Debug|Any CPU.Build.0 = Debug|Any CPU
		{8C5F4DF9-DE30-4086-96F2-499EA9DB1E07}.Release|Any CPU.ActiveCfg = Release|Any CPU
		{8C5F4DF9-DE30-4086-96F2-499EA9DB1E07}.Release|Any CPU.Build.0 = Release|Any CPU
	EndGlobalSection
	GlobalSection(SolutionProperties) = preSolution
		HideSolutionNode = FALSE
	EndGlobalSection
	GlobalSection(ExtensibilityGlobals) = postSolution
		SolutionGuid = {5BDE474F-3CDF-47EA-A3DB-CB98EAE1DABA}
	EndGlobalSection
EndGlobal
